
Microsoft Visual Studio Solution File, Format Version 12.00
# Visual Studio Version 17
VisualStudioVersion = 17.8.34525.116
MinimumVisualStudioVersion = 10.0.40219.1
Project("{FAE04EC0-301F-11D3-BF4B-00C04F79EFBC}") = "CRUDEstudiante", "CRUDEstudiante\CRUDEstudiante.csproj", "{55C60386-8B47-4BC0-9605-53934723C35D}"
EndProject
Global
	GlobalSection(SolutionConfigurationPlatforms) = preSolution
		Debug|Any CPU = Debug|Any CPU
		Release|Any CPU = Release|Any CPU
	EndGlobalSection
	GlobalSection(ProjectConfigurationPlatforms) = postSolution
		{55C60386-8B47-4BC0-9605-53934723C35D}.Debug|Any CPU.ActiveCfg = Debug|Any CPU
		{55C60386-8B47-4BC0-9605-53934723C35D}.Debug|Any CPU.Build.0 = Debug|Any CPU
		{55C60386-8B47-4BC0-9605-53934723C35D}.Release|Any CPU.ActiveCfg = Release|Any CPU
		{55C60386-8B47-4BC0-9605-53934723C35D}.Release|Any CPU.Build.0 = Release|Any CPU
	EndGlobalSection
	GlobalSection(SolutionProperties) = preSolution
		HideSolutionNode = FALSE
	EndGlobalSection
	GlobalSection(ExtensibilityGlobals) = postSolution
		SolutionGuid = {237311F5-9269-4934-9471-49E78419CF6C}
	EndGlobalSection
EndGlobal
